
Microsoft Visual Studio Solution File, Format Version 12.00
# Visual Studio Version 17
VisualStudioVersion = 17.4.33205.214
MinimumVisualStudioVersion = 10.0.40219.1
Project("{FAE04EC0-301F-11D3-BF4B-00C04F79EFBC}") = "Ejercicio1", "Ejercicio1\Ejercicio1.csproj", "{2A100BE5-D7F4-49D8-91FB-F36B8A876843}"
EndProject
Project("{FAE04EC0-301F-11D3-BF4B-00C04F79EFBC}") = "Form1", "Form1\Form1.csproj", "{A60990B4-21B8-4373-AFB2-31BD0C895065}"
EndProject
Global
	GlobalSection(SolutionConfigurationPlatforms) = preSolution
		Debug|Any CPU = Debug|Any CPU
		Release|Any CPU = Release|Any CPU
	EndGlobalSection
	GlobalSection(ProjectConfigurationPlatforms) = postSolution
		{2A100BE5-D7F4-49D8-91FB-F36B8A876843}.Debug|Any CPU.ActiveCfg = Debug|Any CPU
		{2A100BE5-D7F4-49D8-91FB-F36B8A876843}.Debug|Any CPU.Build.0 = Debug|Any CPU
		{2A100BE5-D7F4-49D8-91FB-F36B8A876843}.Release|Any CPU.ActiveCfg = Release|Any CPU
		{2A100BE5-D7F4-49D8-91FB-F36B8A876843}.Release|Any CPU.Build.0 = Release|Any CPU
		{A60990B4-21B8-4373-AFB2-31BD0C895065}.Debug|Any CPU.ActiveCfg = Debug|Any CPU
		{A60990B4-21B8-4373-AFB2-31BD0C895065}.Debug|Any CPU.Build.0 = Debug|Any CPU
		{A60990B4-21B8-4373-AFB2-31BD0C895065}.Release|Any CPU.ActiveCfg = Release|Any CPU
		{A60990B4-21B8-4373-AFB2-31BD0C895065}.Release|Any CPU.Build.0 = Release|Any CPU
	EndGlobalSection
	GlobalSection(SolutionProperties) = preSolution
		HideSolutionNode = FALSE
	EndGlobalSection
	GlobalSection(ExtensibilityGlobals) = postSolution
		SolutionGuid = {632CA366-ED1D-447F-B5DB-5873FC8675C7}
	EndGlobalSection
EndGlobal
